
Microsoft Visual Studio Solution File, Format Version 11.00
# Visual Studio 2010
Project("{FAE04EC0-301F-11D3-BF4B-00C04F79EFBC}") = "DynamicProxy", "DynamicProxy\DynamicProxy.csproj", "{1D768BC9-D134-4C69-9021-6325C9CDA258}"
EndProject
Project("{2150E333-8FDC-42A3-9474-1A3956D46DE8}") = ".nuget", ".nuget", "{F2FC4E28-7F9A-4C2F-81BF-1B95200E2E8A}"
	ProjectSection(SolutionItems) = preProject
		.nuget\NuGet.Config = .nuget\NuGet.Config
		.nuget\NuGet.exe = .nuget\NuGet.exe
		.nuget\NuGet.targets = .nuget\NuGet.targets
	EndProjectSection
EndProject
Project("{FAE04EC0-301F-11D3-BF4B-00C04F79EFBC}") = "DynamicProxyTests", "DynamicProxyTests\DynamicProxyTests.csproj", "{C6FFE5A3-2388-4C95-9622-105F973F4969}"
EndProject
Global
	GlobalSection(SolutionConfigurationPlatforms) = preSolution
		Debug|Any CPU = Debug|Any CPU
		Release|Any CPU = Release|Any CPU
	EndGlobalSection
	GlobalSection(ProjectConfigurationPlatforms) = postSolution
		{1D768BC9-D134-4C69-9021-6325C9CDA258}.Debug|Any CPU.ActiveCfg = Debug|Any CPU
		{1D768BC9-D134-4C69-9021-6325C9CDA258}.Debug|Any CPU.Build.0 = Debug|Any CPU
		{1D768BC9-D134-4C69-9021-6325C9CDA258}.Release|Any CPU.ActiveCfg = Release|Any CPU
		{1D768BC9-D134-4C69-9021-6325C9CDA258}.Release|Any CPU.Build.0 = Release|Any CPU
		{C6FFE5A3-2388-4C95-9622-105F973F4969}.Debug|Any CPU.ActiveCfg = Debug|Any CPU
		{C6FFE5A3-2388-4C95-9622-105F973F4969}.Debug|Any CPU.Build.0 = Debug|Any CPU
		{C6FFE5A3-2388-4C95-9622-105F973F4969}.Release|Any CPU.ActiveCfg = Release|Any CPU
		{C6FFE5A3-2388-4C95-9622-105F973F4969}.Release|Any CPU.Build.0 = Release|Any CPU
	EndGlobalSection
	GlobalSection(SolutionProperties) = preSolution
		HideSolutionNode = FALSE
	EndGlobalSection
EndGlobal
